
Microsoft Visual Studio Solution File, Format Version 10.00
# Visual Studio 2008
Project("{FAE04EC0-301F-11D3-BF4B-00C04F79EFBC}") = "Mechanize", "Mechanize\Mechanize.csproj", "{E1D6D403-29A7-4416-875C-D86623E46520}"
EndProject
Project("{FAE04EC0-301F-11D3-BF4B-00C04F79EFBC}") = "Mechanize.Tests", "Mechanize.Tests\Mechanize.Tests.csproj", "{2A449267-F4B0-4BBE-BDE7-C38338E7E269}"
EndProject
Global
	GlobalSection(SolutionConfigurationPlatforms) = preSolution
		Debug|Any CPU = Debug|Any CPU
		Release|Any CPU = Release|Any CPU
	EndGlobalSection
	GlobalSection(ProjectConfigurationPlatforms) = postSolution
		{E1D6D403-29A7-4416-875C-D86623E46520}.Debug|Any CPU.ActiveCfg = Debug|Any CPU
		{E1D6D403-29A7-4416-875C-D86623E46520}.Debug|Any CPU.Build.0 = Debug|Any CPU
		{E1D6D403-29A7-4416-875C-D86623E46520}.Release|Any CPU.ActiveCfg = Release|Any CPU
		{E1D6D403-29A7-4416-875C-D86623E46520}.Release|Any CPU.Build.0 = Release|Any CPU
		{2A449267-F4B0-4BBE-BDE7-C38338E7E269}.Debug|Any CPU.ActiveCfg = Debug|Any CPU
		{2A449267-F4B0-4BBE-BDE7-C38338E7E269}.Debug|Any CPU.Build.0 = Debug|Any CPU
		{2A449267-F4B0-4BBE-BDE7-C38338E7E269}.Release|Any CPU.ActiveCfg = Release|Any CPU
		{2A449267-F4B0-4BBE-BDE7-C38338E7E269}.Release|Any CPU.Build.0 = Release|Any CPU
	EndGlobalSection
	GlobalSection(SolutionProperties) = preSolution
		HideSolutionNode = FALSE
	EndGlobalSection
EndGlobal
